
Microsoft Visual Studio Solution File, Format Version 12.00
# Visual Studio Version 16
VisualStudioVersion = 16.0.30413.136
MinimumVisualStudioVersion = 10.0.40219.1
Project("{9A19103F-16F7-4668-BE54-9A1E7A4F7556}") = "BooksEditor", "BooksEditor\BooksEditor.csproj", "{B40C1944-86EF-43B2-8C3A-F73A75223DA5}"
EndProject
Project("{FAE04EC0-301F-11D3-BF4B-00C04F79EFBC}") = "BooksEditor.ActiveRecord.Interface", "BooksEditor.ActiveRecord.Interface\BooksEditor.ActiveRecord.Interface.csproj", "{C4758F4C-10A7-4072-BBD6-941667EB0433}"
EndProject
Global
	GlobalSection(SolutionConfigurationPlatforms) = preSolution
		Debug|Any CPU = Debug|Any CPU
		Release|Any CPU = Release|Any CPU
	EndGlobalSection
	GlobalSection(ProjectConfigurationPlatforms) = postSolution
		{B40C1944-86EF-43B2-8C3A-F73A75223DA5}.Debug|Any CPU.ActiveCfg = Debug|Any CPU
		{B40C1944-86EF-43B2-8C3A-F73A75223DA5}.Debug|Any CPU.Build.0 = Debug|Any CPU
		{B40C1944-86EF-43B2-8C3A-F73A75223DA5}.Release|Any CPU.ActiveCfg = Release|Any CPU
		{B40C1944-86EF-43B2-8C3A-F73A75223DA5}.Release|Any CPU.Build.0 = Release|Any CPU
		{C4758F4C-10A7-4072-BBD6-941667EB0433}.Debug|Any CPU.ActiveCfg = Debug|Any CPU
		{C4758F4C-10A7-4072-BBD6-941667EB0433}.Debug|Any CPU.Build.0 = Debug|Any CPU
		{C4758F4C-10A7-4072-BBD6-941667EB0433}.Release|Any CPU.ActiveCfg = Release|Any CPU
		{C4758F4C-10A7-4072-BBD6-941667EB0433}.Release|Any CPU.Build.0 = Release|Any CPU
	EndGlobalSection
	GlobalSection(SolutionProperties) = preSolution
		HideSolutionNode = FALSE
	EndGlobalSection
	GlobalSection(ExtensibilityGlobals) = postSolution
		SolutionGuid = {8CC9F6E1-B03A-47C7-BC24-ADE62BC371E3}
	EndGlobalSection
EndGlobal
